{
    "_meta": {
        "hash": {
            "sha256": "92eec4672db22808a02596ec02524fb2a76fbf210f3c89a0cdc2da05efa93999"
        },
        "host-environment-markers": {
            "implementation_name": "cpython",
            "implementation_version": "3.6.3",
            "os_name": "posix",
            "platform_machine": "x86_64",
            "platform_python_implementation": "CPython",
            "platform_release": "4.10.0-42-generic",
            "platform_system": "Linux",
            "platform_version": "#46~16.04.1-Ubuntu SMP Mon Dec 4 15:57:59 UTC 2017",
            "python_full_version": "3.6.3",
            "python_version": "3.6",
            "sys_platform": "linux"
        },
        "pipfile-spec": 2,
        "requires": {},
        "sources": [
            {
                "url": "https://pypi.python.org/simple",
                "verify_ssl": true
            }
        ]
    },
    "default": {
        "click": {
            "version": "==6.7"
        },
        "flask": {
            "version": "==0.12.2"
        },
        "itsdangerous": {
            "version": "==0.24"
        },
        "jinja2": {
            "version": "==2.9.6"
        },
        "markupsafe": {
            "version": "==1.0"
        },
        "numpy": {
            "version": "==1.13.3"
        },
        "scikit-learn": {
            "version": "==0.19.1"
        },
        "scipy": {
            "version": "==1.0.0"
        },
        "sklearn": {
            "version": "==0.0"
        },
        "werkzeug": {
            "version": "==0.12.2"
        }
    },
    "develop": {}
}
